	<Project xmlns="http://schemas.microsoft.com/developer/msbuild/2003">
		<PropertyGroup>
			<ProjectGuid>{40D0F22C-331F-4536-B588-FEC700FCAF35}</ProjectGuid>
			<MainSource>Project1.dpr</MainSource>
			<Config Condition="'$(Config)'==''">Debug</Config>
			<DCC_DCCCompiler>DCC32</DCC_DCCCompiler>
			<ProjectVersion>12.0</ProjectVersion>
		</PropertyGroup>
		<PropertyGroup Condition="'$(Config)'=='Base' or '$(Base)'!=''">
			<Base>true</Base>
		</PropertyGroup>
		<PropertyGroup Condition="'$(Config)'=='Release' or '$(Cfg_1)'!=''">
			<Cfg_1>true</Cfg_1>
			<CfgParent>Base</CfgParent>
			<Base>true</Base>
		</PropertyGroup>
		<PropertyGroup Condition="'$(Config)'=='Debug' or '$(Cfg_2)'!=''">
			<Cfg_2>true</Cfg_2>
			<CfgParent>Base</CfgParent>
			<Base>true</Base>
		</PropertyGroup>
		<PropertyGroup Condition="'$(Base)'!=''">
			<DCC_DcuOutput>dcu\</DCC_DcuOutput>
			<DCC_ExeOutput>Release\</DCC_ExeOutput>
			<DCC_DependencyCheckOutputName>Release\Project1.exe</DCC_DependencyCheckOutputName>
			<DCC_ImageBase>00400000</DCC_ImageBase>
			<DCC_UsePackage>vcl;rtl;vclx;indy;inet;xmlrtl;vclie;inetdbbde;inetdbxpress;dbrtl;dsnap;dsnapcon;vcldb;soaprtl;VclSmp;dbexpress;dbxcds;inetdb;bdertl;vcldbx;webdsnap;websnap;adortl;ibxpress;teeui;teedb;tee;dss;visualclx;visualdbclx;vclactnband;vclshlctrls;IntrawebDB_50_70;Intraweb_50_70;Rave50CLX;Rave50VCL;dclOffice2k</DCC_UsePackage>
			<DCC_UnitAlias>WinTypes=Windows;WinProcs=Windows;DbiTypes=BDE;DbiProcs=BDE;DbiErrs=BDE;$(DCC_UnitAlias)</DCC_UnitAlias>
			<DCC_Platform>x86</DCC_Platform>
			<DCC_UnitSearchPath>..\..\It_mouth\DirectX;..\..\It_mouth\Trofimov;..\..\It_mouth;..\..\VidCap;Source;Source\DirectX;Source\Ushar;Source\Trofimov;Source\Common;Source\ComDrv32;Source\vt;Source\VidCap;$(DCC_UnitSearchPath)</DCC_UnitSearchPath>
			<DCC_K>false</DCC_K>
			<DCC_N>true</DCC_N>
			<DCC_S>false</DCC_S>
			<DCC_SymbolReferenceInfo>1</DCC_SymbolReferenceInfo>
			<DCC_E>false</DCC_E>
			<DCC_F>false</DCC_F>
		</PropertyGroup>
		<PropertyGroup Condition="'$(Cfg_1)'!=''">
			<DCC_LocalDebugSymbols>false</DCC_LocalDebugSymbols>
			<DCC_Define>RELEASE;$(DCC_Define)</DCC_Define>
			<DCC_SymbolReferenceInfo>0</DCC_SymbolReferenceInfo>
			<DCC_DebugInformation>false</DCC_DebugInformation>
		</PropertyGroup>
		<PropertyGroup Condition="'$(Cfg_2)'!=''">
			<DCC_Define>DEBUG;$(DCC_Define)</DCC_Define>
		</PropertyGroup>
		<ItemGroup>
			<DelphiCompile Include="Project1.dpr">
				<MainSource>MainSource</MainSource>
			</DelphiCompile>
			<DCCReference Include="Source\Unit1.pas">
				<Form>Form1</Form>
			</DCCReference>
			<DCCReference Include="Source\Unit2.pas">
				<Form>Form2</Form>
			</DCCReference>
			<DCCReference Include="Source\Unit3.pas">
				<Form>Form3</Form>
			</DCCReference>
			<DCCReference Include="Source\interp.pas"/>
			<DCCReference Include="Source\Unit4.pas">
				<Form>Form4</Form>
			</DCCReference>
			<DCCReference Include="Source\calibr.pas"/>
			<DCCReference Include="Source\fftw.pas"/>
			<DCCReference Include="Source\Unit5.pas">
				<Form>Form5</Form>
			</DCCReference>
			<DCCReference Include="Source\Unit6.pas">
				<Form>Form6</Form>
			</DCCReference>
			<DCCReference Include="Source\Unit7.pas">
				<Form>Form7</Form>
			</DCCReference>
			<DCCReference Include="Source\Unit8.pas">
				<Form>Form8</Form>
			</DCCReference>
			<DCCReference Include="Source\VideoStream.pas"/>
			<DCCReference Include="Source\Unit9.pas">
				<Form>Form9</Form>
			</DCCReference>
			<DCCReference Include="Source\giveio.pas"/>
			<DCCReference Include="Source\Unit10.pas">
				<Form>Form10</Form>
			</DCCReference>
			<DCCReference Include="Source\UBaseRunThread.pas"/>
			<DCCReference Include="Source\URaznForm.pas">
				<Form>RaznForm</Form>
			</DCCReference>
			<DCCReference Include="Source\UVideoCaptureSeqThread.pas"/>
			<DCCReference Include="Source\URecSeqThread.pas"/>
			<DCCReference Include="Source\UPhast2Vars.pas"/>
			<DCCReference Include="Source\URecSeqThreadForm.pas">
				<Form>RecSeqThreadForm</Form>
			</DCCReference>
			<DCCReference Include="Source\ULoadSeqForm.pas">
				<Form>LoadSeqForm</Form>
			</DCCReference>
			<DCCReference Include="Source\ULunkaRunhread.pas"/>
			<DCCReference Include="Source\UTLunkaRunForm.pas">
				<Form>LunkaRunForm</Form>
			</DCCReference>
			<DCCReference Include="Source\ULoadSeqLunkaForm.pas">
				<Form>LoadSeqLunkaForm</Form>
			</DCCReference>
			<DCCReference Include="Source\ULunkaSeqRunForm.pas">
				<Form>LunkaSeqRunForm</Form>
			</DCCReference>
			<DCCReference Include="Source\ULunkaSeqResultsForm.pas">
				<Form>LunkaSeqResultsForm</Form>
			</DCCReference>
			<DCCReference Include="Source\URaRzRmaxForm.pas">
				<Form>RaRzRmaxForm</Form>
			</DCCReference>
			<DCCReference Include="Source\UWinPhast_INI.pas"/>
			<DCCReference Include="Source\UWhat2CalcForm.pas">
				<Form>What2CalcForm</Form>
			</DCCReference>
			<DCCReference Include="Source\UReportForm.pas">
				<Form>ReportForm</Form>
			</DCCReference>
			<DCCReference Include="Source\UDirectShowVideoForm.pas">
				<Form>DirectShowVideoForm</Form>
			</DCCReference>
			<DCCReference Include="Source\UDirectShowCaptureThread.pas"/>
			<DCCReference Include="Source\UInitComThread.pas"/>
			<DCCReference Include="Source\UTInitComThreadForm.pas">
				<Form>InitComThreadForm</Form>
			</DCCReference>
			<DCCReference Include="Source\UWatchComThread.pas"/>
			<DCCReference Include="Source\USetLazerThread.pas"/>
			<DCCReference Include="Source\UCapture_with_Averaging_DirectShow_Thread.pas"/>
			<DCCReference Include="Source\UTwoWaveLengthDialogForm.pas">
				<Form>TwoWaveLengthDialogForm</Form>
			</DCCReference>
			<DCCReference Include="Source\UTwoWaveLengthClass.pas"/>
			<DCCReference Include="Source\UTwoWaveLengthThread.pas"/>
			<DCCReference Include="Source\UTest_Com_Port_Form.pas">
				<Form>Test_Com_Port_Form</Form>
			</DCCReference>
			<DCCReference Include="Source\USaveAsForm.pas">
				<Form>SaveAsForm</Form>
			</DCCReference>
			<DCCReference Include="Source\UFizo.pas"/>
			<DCCReference Include="Source\Common\UPTree.pas"/>
			<DCCReference Include="Source\UProjectData.pas"/>
			<DCCReference Include="Source\Uvt.pas"/>
			<None Include="Project1.todo"/>
			<BuildConfiguration Include="Base">
				<Key>Base</Key>
			</BuildConfiguration>
			<BuildConfiguration Include="Debug">
				<Key>Cfg_2</Key>
				<CfgParent>Base</CfgParent>
			</BuildConfiguration>
			<BuildConfiguration Include="Release">
				<Key>Cfg_1</Key>
				<CfgParent>Base</CfgParent>
			</BuildConfiguration>
		</ItemGroup>
		<Import Project="$(BDS)\Bin\CodeGear.Delphi.Targets" Condition="Exists('$(BDS)\Bin\CodeGear.Delphi.Targets')"/>
		<ProjectExtensions>
			<Borland.Personality>Delphi.Personality.12</Borland.Personality>
			<Borland.ProjectType>VCLApplication</Borland.ProjectType>
			<BorlandProject>
				<Delphi.Personality>
					<Source>
						<Source Name="MainSource">Project1.dpr</Source>
					</Source>
					<Parameters>
						<Parameters Name="UseLauncher">False</Parameters>
						<Parameters Name="LoadAllSymbols">True</Parameters>
						<Parameters Name="LoadUnspecifiedSymbols">False</Parameters>
					</Parameters>
					<VersionInfo>
						<VersionInfo Name="IncludeVerInfo">False</VersionInfo>
						<VersionInfo Name="AutoIncBuild">False</VersionInfo>
						<VersionInfo Name="MajorVer">1</VersionInfo>
						<VersionInfo Name="MinorVer">0</VersionInfo>
						<VersionInfo Name="Release">0</VersionInfo>
						<VersionInfo Name="Build">0</VersionInfo>
						<VersionInfo Name="Debug">False</VersionInfo>
						<VersionInfo Name="PreRelease">False</VersionInfo>
						<VersionInfo Name="Special">False</VersionInfo>
						<VersionInfo Name="Private">False</VersionInfo>
						<VersionInfo Name="DLL">False</VersionInfo>
						<VersionInfo Name="Locale">1049</VersionInfo>
						<VersionInfo Name="CodePage">1251</VersionInfo>
					</VersionInfo>
					<VersionInfoKeys>
						<VersionInfoKeys Name="CompanyName"/>
						<VersionInfoKeys Name="FileDescription"/>
						<VersionInfoKeys Name="FileVersion">1.0.0.0</VersionInfoKeys>
						<VersionInfoKeys Name="InternalName"/>
						<VersionInfoKeys Name="LegalCopyright"/>
						<VersionInfoKeys Name="LegalTrademarks"/>
						<VersionInfoKeys Name="OriginalFilename"/>
						<VersionInfoKeys Name="ProductName"/>
						<VersionInfoKeys Name="ProductVersion">1.0.0.0</VersionInfoKeys>
						<VersionInfoKeys Name="Comments"/>
					</VersionInfoKeys>
				</Delphi.Personality>
				<ModelSupport>False</ModelSupport>
			</BorlandProject>
			<ProjectFileVersion>12</ProjectFileVersion>
		</ProjectExtensions>
	</Project>
